
Microsoft Visual Studio Solution File, Format Version 12.00
# Visual Studio Version 17
VisualStudioVersion = 17.0.31903.59
MinimumVisualStudioVersion = 10.0.40219.1
Project("{FAE04EC0-301F-11D3-BF4B-00C04F79EFBC}") = "Text", "Text\Text.csproj", "{03FED8A9-6D81-498B-BBAD-BB1BC0C0B211}"
EndProject
Project("{FAE04EC0-301F-11D3-BF4B-00C04F79EFBC}") = "Text.Tests", "Text.Tests\Text.Tests.csproj", "{AA8FEC62-9A21-4C92-8F27-BC1FFE1D3488}"
EndProject
Global
	GlobalSection(SolutionConfigurationPlatforms) = preSolution
		Debug|Any CPU = Debug|Any CPU
		Release|Any CPU = Release|Any CPU
	EndGlobalSection
	GlobalSection(SolutionProperties) = preSolution
		HideSolutionNode = FALSE
	EndGlobalSection
	GlobalSection(ProjectConfigurationPlatforms) = postSolution
		{03FED8A9-6D81-498B-BBAD-BB1BC0C0B211}.Debug|Any CPU.ActiveCfg = Debug|Any CPU
		{03FED8A9-6D81-498B-BBAD-BB1BC0C0B211}.Debug|Any CPU.Build.0 = Debug|Any CPU
		{03FED8A9-6D81-498B-BBAD-BB1BC0C0B211}.Release|Any CPU.ActiveCfg = Release|Any CPU
		{03FED8A9-6D81-498B-BBAD-BB1BC0C0B211}.Release|Any CPU.Build.0 = Release|Any CPU
		{AA8FEC62-9A21-4C92-8F27-BC1FFE1D3488}.Debug|Any CPU.ActiveCfg = Debug|Any CPU
		{AA8FEC62-9A21-4C92-8F27-BC1FFE1D3488}.Debug|Any CPU.Build.0 = Debug|Any CPU
		{AA8FEC62-9A21-4C92-8F27-BC1FFE1D3488}.Release|Any CPU.ActiveCfg = Release|Any CPU
		{AA8FEC62-9A21-4C92-8F27-BC1FFE1D3488}.Release|Any CPU.Build.0 = Release|Any CPU
	EndGlobalSection
EndGlobal
